
Microsoft Visual Studio Solution File, Format Version 12.00
# Visual Studio 2012
Project("{FAE04EC0-301F-11D3-BF4B-00C04F79EFBC}") = "SocketServer", "SocketServer\SocketServer.csproj", "{95516852-FA6E-453C-9F60-790D0252B905}"
EndProject
Project("{FAE04EC0-301F-11D3-BF4B-00C04F79EFBC}") = "Example", "Example\Example.csproj", "{000A53EA-6E2F-42D0-B152-AF0A028BAD38}"
EndProject
Project("{FAE04EC0-301F-11D3-BF4B-00C04F79EFBC}") = "Logger", "libs\Logger\Debug\Logger.csproj", "{C4A5E925-6F4B-4D36-8478-E8D315384619}"
EndProject
Global
	GlobalSection(SolutionConfigurationPlatforms) = preSolution
		Debug|x86 = Debug|x86
		Release|x86 = Release|x86
	EndGlobalSection
	GlobalSection(ProjectConfigurationPlatforms) = postSolution
		{000A53EA-6E2F-42D0-B152-AF0A028BAD38}.Debug|x86.ActiveCfg = Debug|x86
		{000A53EA-6E2F-42D0-B152-AF0A028BAD38}.Debug|x86.Build.0 = Debug|x86
		{000A53EA-6E2F-42D0-B152-AF0A028BAD38}.Release|x86.ActiveCfg = Release|x86
		{000A53EA-6E2F-42D0-B152-AF0A028BAD38}.Release|x86.Build.0 = Release|x86
		{95516852-FA6E-453C-9F60-790D0252B905}.Debug|x86.ActiveCfg = Debug|Any CPU
		{95516852-FA6E-453C-9F60-790D0252B905}.Debug|x86.Build.0 = Debug|Any CPU
		{95516852-FA6E-453C-9F60-790D0252B905}.Release|x86.ActiveCfg = Release|Any CPU
		{95516852-FA6E-453C-9F60-790D0252B905}.Release|x86.Build.0 = Release|Any CPU
		{C4A5E925-6F4B-4D36-8478-E8D315384619}.Debug|x86.ActiveCfg = Debug|Any CPU
		{C4A5E925-6F4B-4D36-8478-E8D315384619}.Debug|x86.Build.0 = Debug|Any CPU
		{C4A5E925-6F4B-4D36-8478-E8D315384619}.Release|x86.ActiveCfg = Release|Any CPU
		{C4A5E925-6F4B-4D36-8478-E8D315384619}.Release|x86.Build.0 = Release|Any CPU
	EndGlobalSection
	GlobalSection(MonoDevelopProperties) = preSolution
		StartupItem = Example\Example.csproj
	EndGlobalSection
EndGlobal
